// !$*UTF8*$!
{
	archiveVersion = 1;
	classes = {
	};
	objectVersion = 48;
	objects = {

/* Begin PBXBuildFile section */
		3E08C28077E21CB5562C6D38 /* Pods_RxSwiftStudy.framework in Frameworks */ = {isa = PBXBuildFile; fileRef = C3C47BE41C0A8E1E9828C1BE /* Pods_RxSwiftStudy.framework */; };
		641B1140205E635D00684CA9 /* AppDelegate.swift in Sources */ = {isa = PBXBuildFile; fileRef = 641B113F205E635D00684CA9 /* AppDelegate.swift */; };
		641B1142205E635D00684CA9 /* ViewController.swift in Sources */ = {isa = PBXBuildFile; fileRef = 641B1141205E635D00684CA9 /* ViewController.swift */; };
		641B1145205E635D00684CA9 /* Main.storyboard in Resources */ = {isa = PBXBuildFile; fileRef = 641B1143205E635D00684CA9 /* Main.storyboard */; };
		641B1147205E635D00684CA9 /* Assets.xcassets in Resources */ = {isa = PBXBuildFile; fileRef = 641B1146205E635D00684CA9 /* Assets.xcassets */; };
		641B114A205E635D00684CA9 /* LaunchScreen.storyboard in Resources */ = {isa = PBXBuildFile; fileRef = 641B1148205E635D00684CA9 /* LaunchScreen.storyboard */; };
/* End PBXBuildFile section */

/* Begin PBXFileReference section */
		1B6A87566480E9945A62203F /* Pods-RxSwiftStudy.debug.xcconfig */ = {isa = PBXFileReference; includeInIndex = 1; lastKnownFileType = text.xcconfig; name = "Pods-RxSwiftStudy.debug.xcconfig"; path = "Pods/Target Support Files/Pods-RxSwiftStudy/Pods-RxSwiftStudy.debug.xcconfig"; sourceTree = "<group>"; };
		641B113C205E635D00684CA9 /* RxSwiftStudy.app */ = {isa = PBXFileReference; explicitFileType = wrapper.application; includeInIndex = 0; path = RxSwiftStudy.app; sourceTree = BUILT_PRODUCTS_DIR; };
		641B113F205E635D00684CA9 /* AppDelegate.swift */ = {isa = PBXFileReference; lastKnownFileType = sourcecode.swift; path = AppDelegate.swift; sourceTree = "<group>"; };
		641B1141205E635D00684CA9 /* ViewController.swift */ = {isa = PBXFileReference; lastKnownFileType = sourcecode.swift; path = ViewController.swift; sourceTree = "<group>"; };
		641B1144205E635D00684CA9 /* Base */ = {isa = PBXFileReference; lastKnownFileType = file.storyboard; name = Base; path = Base.lproj/Main.storyboard; sourceTree = "<group>"; };
		641B1146205E635D00684CA9 /* Assets.xcassets */ = {isa = PBXFileReference; lastKnownFileType = folder.assetcatalog; path = Assets.xcassets; sourceTree = "<group>"; };
		641B1149205E635D00684CA9 /* Base */ = {isa = PBXFileReference; lastKnownFileType = file.storyboard; name = Base; path = Base.lproj/LaunchScreen.storyboard; sourceTree = "<group>"; };
		641B114B205E635D00684CA9 /* Info.plist */ = {isa = PBXFileReference; lastKnownFileType = text.plist.xml; path = Info.plist; sourceTree = "<group>"; };
		641B1152205E660800684CA9 /* Create.playground */ = {isa = PBXFileReference; lastKnownFileType = file.playground; path = Create.playground; sourceTree = "<group>"; xcLanguageSpecificationIdentifier = xcode.lang.swift; };
		641B115F205E68A200684CA9 /* Decode.playground */ = {isa = PBXFileReference; lastKnownFileType = file.playground; path = Decode.playground; sourceTree = "<group>"; };
		641B1160205E68AC00684CA9 /* Decode.playground */ = {isa = PBXFileReference; lastKnownFileType = file.playground; path = Decode.playground; sourceTree = "<group>"; xcLanguageSpecificationIdentifier = xcode.lang.swift; };
		641B1166205E699E00684CA9 /* Decode.playground */ = {isa = PBXFileReference; lastKnownFileType = file.playground; path = Decode.playground; sourceTree = "<group>"; xcLanguageSpecificationIdentifier = xcode.lang.swift; };
		641B1167205E69BF00684CA9 /* Decode.playground */ = {isa = PBXFileReference; lastKnownFileType = file.playground; path = Decode.playground; sourceTree = "<group>"; };
		641B1168205E69C800684CA9 /* Decode.playground */ = {isa = PBXFileReference; lastKnownFileType = file.playground; path = Decode.playground; sourceTree = "<group>"; xcLanguageSpecificationIdentifier = xcode.lang.swift; };
		641B1169205E69DD00684CA9 /* Decode.playground */ = {isa = PBXFileReference; lastKnownFileType = file.playground; path = Decode.playground; sourceTree = "<group>"; xcLanguageSpecificationIdentifier = xcode.lang.swift; };
		641B116A205E69F300684CA9 /* Decode.playground */ = {isa = PBXFileReference; lastKnownFileType = file.playground; path = Decode.playground; sourceTree = "<group>"; };
		641B116B205E69FD00684CA9 /* Decode.playground */ = {isa = PBXFileReference; lastKnownFileType = file.playground; path = Decode.playground; sourceTree = "<group>"; };
		641B116C205E6A2600684CA9 /* Decode.playground */ = {isa = PBXFileReference; lastKnownFileType = file.playground; path = Decode.playground; sourceTree = "<group>"; };
		641B116D205E6A3000684CA9 /* Decode.playground */ = {isa = PBXFileReference; lastKnownFileType = file.playground; path = Decode.playground; sourceTree = "<group>"; };
		641B116E205E6A4200684CA9 /* Decode.playground */ = {isa = PBXFileReference; lastKnownFileType = file.playground; path = Decode.playground; sourceTree = "<group>"; };
		641B116F205E6A5600684CA9 /* Decode.playground */ = {isa = PBXFileReference; lastKnownFileType = file.playground; path = Decode.playground; sourceTree = "<group>"; };
		641B1170205E6A6500684CA9 /* Decode.playground */ = {isa = PBXFileReference; lastKnownFileType = file.playground; path = Decode.playground; sourceTree = "<group>"; xcLanguageSpecificationIdentifier = xcode.lang.swift; };
		64445839205E6B33005B3991 /* Decode.playground */ = {isa = PBXFileReference; lastKnownFileType = file.playground; path = Decode.playground; sourceTree = "<group>"; xcLanguageSpecificationIdentifier = xcode.lang.swift; };
		C3C47BE41C0A8E1E9828C1BE /* Pods_RxSwiftStudy.framework */ = {isa = PBXFileReference; explicitFileType = wrapper.framework; includeInIndex = 0; path = Pods_RxSwiftStudy.framework; sourceTree = BUILT_PRODUCTS_DIR; };
		FFBD99ED18071B174B6139CC /* Pods-RxSwiftStudy.release.xcconfig */ = {isa = PBXFileReference; includeInIndex = 1; lastKnownFileType = text.xcconfig; name = "Pods-RxSwiftStudy.release.xcconfig"; path = "Pods/Target Support Files/Pods-RxSwiftStudy/Pods-RxSwiftStudy.release.xcconfig"; sourceTree = "<group>"; };
/* End PBXFileReference section */

/* Begin PBXFrameworksBuildPhase section */
		641B1139205E635D00684CA9 /* Frameworks */ = {
			isa = PBXFrameworksBuildPhase;
			buildActionMask = 2147483647;
			files = (
				3E08C28077E21CB5562C6D38 /* Pods_RxSwiftStudy.framework in Frameworks */,
			);
			runOnlyForDeploymentPostprocessing = 0;
		};
/* End PBXFrameworksBuildPhase section */

/* Begin PBXGroup section */
		641B1133205E635D00684CA9 = {
			isa = PBXGroup;
			children = (
				641B113E205E635D00684CA9 /* RxSwiftStudy */,
				641B113D205E635D00684CA9 /* Products */,
				D515B69B0B59FD57EF94AB10 /* Pods */,
				C25720AD14FF2FDA657D6CC7 /* Frameworks */,
			);
			sourceTree = "<group>";
		};
		641B113D205E635D00684CA9 /* Products */ = {
			isa = PBXGroup;
			children = (
				641B113C205E635D00684CA9 /* RxSwiftStudy.app */,
			);
			name = Products;
			sourceTree = "<group>";
		};
		641B113E205E635D00684CA9 /* RxSwiftStudy */ = {
			isa = PBXGroup;
			children = (
				641B1164205E696800684CA9 /* ObserverOperations */,
				641B1163205E694F00684CA9 /* ObservableOperations */,
				641B1162205E693600684CA9 /* SubjectOperations */,
				641B1161205E691100684CA9 /* SchedulerOperations */,
				641B115E205E67F300684CA9 /* Main */,
				641B115D205E67E000684CA9 /* StringOperations */,
				641B115C205E67CE00684CA9 /* ConnectionOperations */,
				641B115B205E67AE00684CA9 /* ConversionOperations */,
				641B115A205E677100684CA9 /* ArithmeticOperations */,
				641B1159205E672D00684CA9 /* Condition&BoolOperations */,
				641B1158205E672100684CA9 /* AssistedOperations */,
				641B1157205E66F200684CA9 /* ErrorOperations */,
				641B1156205E66CC00684CA9 /* CombineOperations */,
				641B1155205E66B500684CA9 /* FilterOperations */,
				641B1154205E668C00684CA9 /* TransformOperations */,
				641B1153205E666E00684CA9 /* CreateOperation */,
				641B1151205E646900684CA9 /* System */,
			);
			path = RxSwiftStudy;
			sourceTree = "<group>";
		};
		641B1151205E646900684CA9 /* System */ = {
			isa = PBXGroup;
			children = (
				641B1143205E635D00684CA9 /* Main.storyboard */,
				641B1146205E635D00684CA9 /* Assets.xcassets */,
				641B1148205E635D00684CA9 /* LaunchScreen.storyboard */,
				641B114B205E635D00684CA9 /* Info.plist */,
			);
			name = System;
			sourceTree = "<group>";
		};
		641B1153205E666E00684CA9 /* CreateOperation */ = {
			isa = PBXGroup;
			children = (
				641B1152205E660800684CA9 /* Create.playground */,
			);
			path = CreateOperation;
			sourceTree = "<group>";
		};
		641B1154205E668C00684CA9 /* TransformOperations */ = {
			isa = PBXGroup;
			children = (
				641B1170205E6A6500684CA9 /* Decode.playground */,
			);
			path = TransformOperations;
			sourceTree = "<group>";
		};
		641B1155205E66B500684CA9 /* FilterOperations */ = {
			isa = PBXGroup;
			children = (
				641B116B205E69FD00684CA9 /* Decode.playground */,
			);
			path = FilterOperations;
			sourceTree = "<group>";
		};
		641B1156205E66CC00684CA9 /* CombineOperations */ = {
			isa = PBXGroup;
			children = (
				641B1167205E69BF00684CA9 /* Decode.playground */,
			);
			path = CombineOperations;
			sourceTree = "<group>";
		};
		641B1157205E66F200684CA9 /* ErrorOperations */ = {
			isa = PBXGroup;
			children = (
				641B116A205E69F300684CA9 /* Decode.playground */,
			);
			path = ErrorOperations;
			sourceTree = "<group>";
		};
		641B1158205E672100684CA9 /* AssistedOperations */ = {
			isa = PBXGroup;
			children = (
				641B1166205E699E00684CA9 /* Decode.playground */,
			);
			path = AssistedOperations;
			sourceTree = "<group>";
		};
		641B1159205E672D00684CA9 /* Condition&BoolOperations */ = {
			isa = PBXGroup;
			children = (
				641B1168205E69C800684CA9 /* Decode.playground */,
			);
			path = "Condition&BoolOperations";
			sourceTree = "<group>";
		};
		641B115A205E677100684CA9 /* ArithmeticOperations */ = {
			isa = PBXGroup;
			children = (
				64445839205E6B33005B3991 /* Decode.playground */,
			);
			path = ArithmeticOperations;
			sourceTree = "<group>";
		};
		641B115B205E67AE00684CA9 /* ConversionOperations */ = {
			isa = PBXGroup;
			children = (
				641B1169205E69DD00684CA9 /* Decode.playground */,
			);
			path = ConversionOperations;
			sourceTree = "<group>";
		};
		641B115C205E67CE00684CA9 /* ConnectionOperations */ = {
			isa = PBXGroup;
			children = (
				641B1160205E68AC00684CA9 /* Decode.playground */,
			);
			path = ConnectionOperations;
			sourceTree = "<group>";
		};
		641B115D205E67E000684CA9 /* StringOperations */ = {
			isa = PBXGroup;
			children = (
				641B115F205E68A200684CA9 /* Decode.playground */,
			);
			path = StringOperations;
			sourceTree = "<group>";
		};
		641B115E205E67F300684CA9 /* Main */ = {
			isa = PBXGroup;
			children = (
				641B113F205E635D00684CA9 /* AppDelegate.swift */,
				641B1141205E635D00684CA9 /* ViewController.swift */,
			);
			path = Main;
			sourceTree = "<group>";
		};
		641B1161205E691100684CA9 /* SchedulerOperations */ = {
			isa = PBXGroup;
			children = (
				641B116E205E6A4200684CA9 /* Decode.playground */,
			);
			path = SchedulerOperations;
			sourceTree = "<group>";
		};
		641B1162205E693600684CA9 /* SubjectOperations */ = {
			isa = PBXGroup;
			children = (
				641B116F205E6A5600684CA9 /* Decode.playground */,
			);
			path = SubjectOperations;
			sourceTree = "<group>";
		};
		641B1163205E694F00684CA9 /* ObservableOperations */ = {
			isa = PBXGroup;
			children = (
				641B116C205E6A2600684CA9 /* Decode.playground */,
			);
			path = ObservableOperations;
			sourceTree = "<group>";
		};
		641B1164205E696800684CA9 /* ObserverOperations */ = {
			isa = PBXGroup;
			children = (
				641B116D205E6A3000684CA9 /* Decode.playground */,
			);
			path = ObserverOperations;
			sourceTree = "<group>";
		};
		C25720AD14FF2FDA657D6CC7 /* Frameworks */ = {
			isa = PBXGroup;
			children = (
				C3C47BE41C0A8E1E9828C1BE /* Pods_RxSwiftStudy.framework */,
			);
			name = Frameworks;
			sourceTree = "<group>";
		};
		D515B69B0B59FD57EF94AB10 /* Pods */ = {
			isa = PBXGroup;
			children = (
				1B6A87566480E9945A62203F /* Pods-RxSwiftStudy.debug.xcconfig */,
				FFBD99ED18071B174B6139CC /* Pods-RxSwiftStudy.release.xcconfig */,
			);
			name = Pods;
			sourceTree = "<group>";
		};
/* End PBXGroup section */

/* Begin PBXNativeTarget section */
		641B113B205E635D00684CA9 /* RxSwiftStudy */ = {
			isa = PBXNativeTarget;
			buildConfigurationList = 641B114E205E635D00684CA9 /* Build configuration list for PBXNativeTarget "RxSwiftStudy" */;
			buildPhases = (
				E427427B76B8472582A96437 /* [CP] Check Pods Manifest.lock */,
				641B1138205E635D00684CA9 /* Sources */,
				641B1139205E635D00684CA9 /* Frameworks */,
				641B113A205E635D00684CA9 /* Resources */,
				41684DC124CFE476EEB4EE67 /* [CP] Embed Pods Frameworks */,
				5C142CE6F72674AD10C3DD68 /* [CP] Copy Pods Resources */,
			);
			buildRules = (
			);
			dependencies = (
			);
			name = RxSwiftStudy;
			productName = RxSwiftStudy;
			productReference = 641B113C205E635D00684CA9 /* RxSwiftStudy.app */;
			productType = "com.apple.product-type.application";
		};
/* End PBXNativeTarget section */

/* Begin PBXProject section */
		641B1134205E635D00684CA9 /* Project object */ = {
			isa = PBXProject;
			attributes = {
				LastSwiftUpdateCheck = 0920;
				LastUpgradeCheck = 0920;
				ORGANIZATIONNAME = "Happy Iterating Inc.";
				TargetAttributes = {
					641B113B205E635D00684CA9 = {
						CreatedOnToolsVersion = 9.2;
						ProvisioningStyle = Manual;
					};
				};
			};
			buildConfigurationList = 641B1137205E635D00684CA9 /* Build configuration list for PBXProject "RxSwiftStudy" */;
			compatibilityVersion = "Xcode 8.0";
			developmentRegion = en;
			hasScannedForEncodings = 0;
			knownRegions = (
				en,
				Base,
			);
			mainGroup = 641B1133205E635D00684CA9;
			productRefGroup = 641B113D205E635D00684CA9 /* Products */;
			projectDirPath = "";
			projectRoot = "";
			targets = (
				641B113B205E635D00684CA9 /* RxSwiftStudy */,
			);
		};
/* End PBXProject section */

/* Begin PBXResourcesBuildPhase section */
		641B113A205E635D00684CA9 /* Resources */ = {
			isa = PBXResourcesBuildPhase;
			buildActionMask = 2147483647;
			files = (
				641B114A205E635D00684CA9 /* LaunchScreen.storyboard in Resources */,
				641B1147205E635D00684CA9 /* Assets.xcassets in Resources */,
				641B1145205E635D00684CA9 /* Main.storyboard in Resources */,
			);
			runOnlyForDeploymentPostprocessing = 0;
		};
/* End PBXResourcesBuildPhase section */

/* Begin PBXShellScriptBuildPhase section */
		41684DC124CFE476EEB4EE67 /* [CP] Embed Pods Frameworks */ = {
			isa = PBXShellScriptBuildPhase;
			buildActionMask = 2147483647;
			files = (
			);
			inputPaths = (
				"${SRCROOT}/Pods/Target Support Files/Pods-RxSwiftStudy/Pods-RxSwiftStudy-frameworks.sh",
				"${BUILT_PRODUCTS_DIR}/RxSwift/RxSwift.framework",
			);
			name = "[CP] Embed Pods Frameworks";
			outputPaths = (
				"${TARGET_BUILD_DIR}/${FRAMEWORKS_FOLDER_PATH}/RxSwift.framework",
			);
			runOnlyForDeploymentPostprocessing = 0;
			shellPath = /bin/sh;
			shellScript = "\"${SRCROOT}/Pods/Target Support Files/Pods-RxSwiftStudy/Pods-RxSwiftStudy-frameworks.sh\"\n";
			showEnvVarsInLog = 0;
		};
		5C142CE6F72674AD10C3DD68 /* [CP] Copy Pods Resources */ = {
			isa = PBXShellScriptBuildPhase;
			buildActionMask = 2147483647;
			files = (
			);
			inputPaths = (
			);
			name = "[CP] Copy Pods Resources";
			outputPaths = (
			);
			runOnlyForDeploymentPostprocessing = 0;
			shellPath = /bin/sh;
			shellScript = "\"${SRCROOT}/Pods/Target Support Files/Pods-RxSwiftStudy/Pods-RxSwiftStudy-resources.sh\"\n";
			showEnvVarsInLog = 0;
		};
		E427427B76B8472582A96437 /* [CP] Check Pods Manifest.lock */ = {
			isa = PBXShellScriptBuildPhase;
			buildActionMask = 2147483647;
			files = (
			);
			inputPaths = (
				"${PODS_PODFILE_DIR_PATH}/Podfile.lock",
				"${PODS_ROOT}/Manifest.lock",
			);
			name = "[CP] Check Pods Manifest.lock";
			outputPaths = (
				"$(DERIVED_FILE_DIR)/Pods-RxSwiftStudy-checkManifestLockResult.txt",
			);
			runOnlyForDeploymentPostprocessing = 0;
			shellPath = /bin/sh;
			shellScript = "diff \"${PODS_PODFILE_DIR_PATH}/Podfile.lock\" \"${PODS_ROOT}/Manifest.lock\" > /dev/null\nif [ $? != 0 ] ; then\n    # print error to STDERR\n    echo \"error: The sandbox is not in sync with the Podfile.lock. Run 'pod install' or update your CocoaPods installation.\" >&2\n    exit 1\nfi\n# This output is used by Xcode 'outputs' to avoid re-running this script phase.\necho \"SUCCESS\" > \"${SCRIPT_OUTPUT_FILE_0}\"\n";
			showEnvVarsInLog = 0;
		};
/* End PBXShellScriptBuildPhase section */

/* Begin PBXSourcesBuildPhase section */
		641B1138205E635D00684CA9 /* Sources */ = {
			isa = PBXSourcesBuildPhase;
			buildActionMask = 2147483647;
			files = (
				641B1142205E635D00684CA9 /* ViewController.swift in Sources */,
				641B1140205E635D00684CA9 /* AppDelegate.swift in Sources */,
			);
			runOnlyForDeploymentPostprocessing = 0;
		};
/* End PBXSourcesBuildPhase section */

/* Begin PBXVariantGroup section */
		641B1143205E635D00684CA9 /* Main.storyboard */ = {
			isa = PBXVariantGroup;
			children = (
				641B1144205E635D00684CA9 /* Base */,
			);
			name = Main.storyboard;
			sourceTree = "<group>";
		};
		641B1148205E635D00684CA9 /* LaunchScreen.storyboard */ = {
			isa = PBXVariantGroup;
			children = (
				641B1149205E635D00684CA9 /* Base */,
			);
			name = LaunchScreen.storyboard;
			sourceTree = "<group>";
		};
/* End PBXVariantGroup section */

/* Begin XCBuildConfiguration section */
		641B114C205E635D00684CA9 /* Debug */ = {
			isa = XCBuildConfiguration;
			buildSettings = {
				ALWAYS_SEARCH_USER_PATHS = NO;
				CLANG_ANALYZER_NONNULL = YES;
				CLANG_ANALYZER_NUMBER_OBJECT_CONVERSION = YES_AGGRESSIVE;
				CLANG_CXX_LANGUAGE_STANDARD = "gnu++14";
				CLANG_CXX_LIBRARY = "libc++";
				CLANG_ENABLE_MODULES = YES;
				CLANG_ENABLE_OBJC_ARC = YES;
				CLANG_WARN_BLOCK_CAPTURE_AUTORELEASING = YES;
				CLANG_WARN_BOOL_CONVERSION = YES;
				CLANG_WARN_COMMA = YES;
				CLANG_WARN_CONSTANT_CONVERSION = YES;
				CLANG_WARN_DIRECT_OBJC_ISA_USAGE = YES_ERROR;
				CLANG_WARN_DOCUMENTATION_COMMENTS = YES;
				CLANG_WARN_EMPTY_BODY = YES;
				CLANG_WARN_ENUM_CONVERSION = YES;
				CLANG_WARN_INFINITE_RECURSION = YES;
				CLANG_WARN_INT_CONVERSION = YES;
				CLANG_WARN_NON_LITERAL_NULL_CONVERSION = YES;
				CLANG_WARN_OBJC_LITERAL_CONVERSION = YES;
				CLANG_WARN_OBJC_ROOT_CLASS = YES_ERROR;
				CLANG_WARN_RANGE_LOOP_ANALYSIS = YES;
				CLANG_WARN_STRICT_PROTOTYPES = YES;
				CLANG_WARN_SUSPICIOUS_MOVE = YES;
				CLANG_WARN_UNGUARDED_AVAILABILITY = YES_AGGRESSIVE;
				CLANG_WARN_UNREACHABLE_CODE = YES;
				CLANG_WARN__DUPLICATE_METHOD_MATCH = YES;
				CODE_SIGN_IDENTITY = "iPhone Developer";
				COPY_PHASE_STRIP = NO;
				DEBUG_INFORMATION_FORMAT = dwarf;
				ENABLE_STRICT_OBJC_MSGSEND = YES;
				ENABLE_TESTABILITY = YES;
				GCC_C_LANGUAGE_STANDARD = gnu11;
				GCC_DYNAMIC_NO_PIC = NO;
				GCC_NO_COMMON_BLOCKS = YES;
				GCC_OPTIMIZATION_LEVEL = 0;
				GCC_PREPROCESSOR_DEFINITIONS = (
					"DEBUG=1",
					"$(inherited)",
				);
				GCC_WARN_64_TO_32_BIT_CONVERSION = YES;
				GCC_WARN_ABOUT_RETURN_TYPE = YES_ERROR;
				GCC_WARN_UNDECLARED_SELECTOR = YES;
				GCC_WARN_UNINITIALIZED_AUTOS = YES_AGGRESSIVE;
				GCC_WARN_UNUSED_FUNCTION = YES;
				GCC_WARN_UNUSED_VARIABLE = YES;
				IPHONEOS_DEPLOYMENT_TARGET = 11.2;
				MTL_ENABLE_DEBUG_INFO = YES;
				ONLY_ACTIVE_ARCH = YES;
				SDKROOT = iphoneos;
				SWIFT_ACTIVE_COMPILATION_CONDITIONS = DEBUG;
				SWIFT_OPTIMIZATION_LEVEL = "-Onone";
			};
			name = Debug;
		};
		641B114D205E635D00684CA9 /* Release */ = {
			isa = XCBuildConfiguration;
			buildSettings = {
				ALWAYS_SEARCH_USER_PATHS = NO;
				CLANG_ANALYZER_NONNULL = YES;
				CLANG_ANALYZER_NUMBER_OBJECT_CONVERSION = YES_AGGRESSIVE;
				CLANG_CXX_LANGUAGE_STANDARD = "gnu++14";
				CLANG_CXX_LIBRARY = "libc++";
				CLANG_ENABLE_MODULES = YES;
				CLANG_ENABLE_OBJC_ARC = YES;
				CLANG_WARN_BLOCK_CAPTURE_AUTORELEASING = YES;
				CLANG_WARN_BOOL_CONVERSION = YES;
				CLANG_WARN_COMMA = YES;
				CLANG_WARN_CONSTANT_CONVERSION = YES;
				CLANG_WARN_DIRECT_OBJC_ISA_USAGE = YES_ERROR;
				CLANG_WARN_DOCUMENTATION_COMMENTS = YES;
				CLANG_WARN_EMPTY_BODY = YES;
				CLANG_WARN_ENUM_CONVERSION = YES;
				CLANG_WARN_INFINITE_RECURSION = YES;
				CLANG_WARN_INT_CONVERSION = YES;
				CLANG_WARN_NON_LITERAL_NULL_CONVERSION = YES;
				CLANG_WARN_OBJC_LITERAL_CONVERSION = YES;
				CLANG_WARN_OBJC_ROOT_CLASS = YES_ERROR;
				CLANG_WARN_RANGE_LOOP_ANALYSIS = YES;
				CLANG_WARN_STRICT_PROTOTYPES = YES;
				CLANG_WARN_SUSPICIOUS_MOVE = YES;
				CLANG_WARN_UNGUARDED_AVAILABILITY = YES_AGGRESSIVE;
				CLANG_WARN_UNREACHABLE_CODE = YES;
				CLANG_WARN__DUPLICATE_METHOD_MATCH = YES;
				CODE_SIGN_IDENTITY = "iPhone Developer";
				COPY_PHASE_STRIP = NO;
				DEBUG_INFORMATION_FORMAT = "dwarf-with-dsym";
				ENABLE_NS_ASSERTIONS = NO;
				ENABLE_STRICT_OBJC_MSGSEND = YES;
				GCC_C_LANGUAGE_STANDARD = gnu11;
				GCC_NO_COMMON_BLOCKS = YES;
				GCC_WARN_64_TO_32_BIT_CONVERSION = YES;
				GCC_WARN_ABOUT_RETURN_TYPE = YES_ERROR;
				GCC_WARN_UNDECLARED_SELECTOR = YES;
				GCC_WARN_UNINITIALIZED_AUTOS = YES_AGGRESSIVE;
				GCC_WARN_UNUSED_FUNCTION = YES;
				GCC_WARN_UNUSED_VARIABLE = YES;
				IPHONEOS_DEPLOYMENT_TARGET = 11.2;
				MTL_ENABLE_DEBUG_INFO = NO;
				SDKROOT = iphoneos;
				SWIFT_OPTIMIZATION_LEVEL = "-Owholemodule";
				VALIDATE_PRODUCT = YES;
			};
			name = Release;
		};
		641B114F205E635D00684CA9 /* Debug */ = {
			isa = XCBuildConfiguration;
			baseConfigurationReference = 1B6A87566480E9945A62203F /* Pods-RxSwiftStudy.debug.xcconfig */;
			buildSettings = {
				ASSETCATALOG_COMPILER_APPICON_NAME = AppIcon;
				CODE_SIGN_STYLE = Manual;
				DEVELOPMENT_TEAM = "";
				INFOPLIST_FILE = RxSwiftStudy/Info.plist;
				IPHONEOS_DEPLOYMENT_TARGET = 10.0;
				LD_RUNPATH_SEARCH_PATHS = "$(inherited) @executable_path/Frameworks";
				PRODUCT_BUNDLE_IDENTIFIER = cn.imazy.RxSwiftStudy;
				PRODUCT_NAME = "$(TARGET_NAME)";
				PROVISIONING_PROFILE_SPECIFIER = "";
				SWIFT_VERSION = 4.0;
				TARGETED_DEVICE_FAMILY = "1,2";
			};
			name = Debug;
		};
		641B1150205E635D00684CA9 /* Release */ = {
			isa = XCBuildConfiguration;
			baseConfigurationReference = FFBD99ED18071B174B6139CC /* Pods-RxSwiftStudy.release.xcconfig */;
			buildSettings = {
				ASSETCATALOG_COMPILER_APPICON_NAME = AppIcon;
				CODE_SIGN_STYLE = Manual;
				DEVELOPMENT_TEAM = "";
				INFOPLIST_FILE = RxSwiftStudy/Info.plist;
				IPHONEOS_DEPLOYMENT_TARGET = 10.0;
				LD_RUNPATH_SEARCH_PATHS = "$(inherited) @executable_path/Frameworks";
				PRODUCT_BUNDLE_IDENTIFIER = cn.imazy.RxSwiftStudy;
				PRODUCT_NAME = "$(TARGET_NAME)";
				PROVISIONING_PROFILE_SPECIFIER = "";
				SWIFT_VERSION = 4.0;
				TARGETED_DEVICE_FAMILY = "1,2";
			};
			name = Release;
		};
/* End XCBuildConfiguration section */

/* Begin XCConfigurationList section */
		641B1137205E635D00684CA9 /* Build configuration list for PBXProject "RxSwiftStudy" */ = {
			isa = XCConfigurationList;
			buildConfigurations = (
				641B114C205E635D00684CA9 /* Debug */,
				641B114D205E635D00684CA9 /* Release */,
			);
			defaultConfigurationIsVisible = 0;
			defaultConfigurationName = Release;
		};
		641B114E205E635D00684CA9 /* Build configuration list for PBXNativeTarget "RxSwiftStudy" */ = {
			isa = XCConfigurationList;
			buildConfigurations = (
				641B114F205E635D00684CA9 /* Debug */,
				641B1150205E635D00684CA9 /* Release */,
			);
			defaultConfigurationIsVisible = 0;
			defaultConfigurationName = Release;
		};
/* End XCConfigurationList section */
	};
	rootObject = 641B1134205E635D00684CA9 /* Project object */;
}
